// !$*UTF8*$!
{
	archiveVersion = 1;
	classes = {
	};
	objectVersion = 56;
	objects = {

/* Begin PBXBuildFile section */
		0512C208C122 /* ContentView.swift in Sources */ = {isa = PBXBuildFile; fileRef = A944E9BDA6D7 /* ContentView.swift */; };
		1B173EE0794E /* TaskQuadrant.swift in Sources */ = {isa = PBXBuildFile; fileRef = 7984FFD71742 /* TaskQuadrant.swift */; };
		1FC943C93385 /* RemindersManager.swift in Sources */ = {isa = PBXBuildFile; fileRef = 0F76AC6A41EB /* RemindersManager.swift */; };
		3895B8FEB555 /* EisenhowerMatrixView.swift in Sources */ = {isa = PBXBuildFile; fileRef = 11A134FA4261 /* EisenhowerMatrixView.swift */; };
		46998B88C258 /* Assets.xcassets in Resources */ = {isa = PBXBuildFile; fileRef = E4735879CE44 /* Assets.xcassets */; };
		57E12144723E /* GetSh1tDoneApp.swift in Sources */ = {isa = PBXBuildFile; fileRef = E497FBF55B68 /* GetSh1tDoneApp.swift */; };
		60DE69A82F1C3E2100055268 /* SettingsView.swift in Sources */ = {isa = PBXBuildFile; fileRef = 60DE69A72F1C3E2100055268 /* SettingsView.swift */; };
		75B449C1E4FA /* PlanningView.swift in Sources */ = {isa = PBXBuildFile; fileRef = EA638E163650 /* PlanningView.swift */; };
		AE8DBB489392 /* TaskChallengeView.swift in Sources */ = {isa = PBXBuildFile; fileRef = 988AF144261B /* TaskChallengeView.swift */; };
		B1B96B9F332D /* PrioritiesView.swift in Sources */ = {isa = PBXBuildFile; fileRef = CD899DA81549 /* PrioritiesView.swift */; };
/* End PBXBuildFile section */

/* Begin PBXFileReference section */
		0F76AC6A41EB /* RemindersManager.swift */ = {isa = PBXFileReference; lastKnownFileType = sourcecode.swift; path = RemindersManager.swift; sourceTree = "<group>"; };
		113ED6A8417E /* GetSh1tDone.app */ = {isa = PBXFileReference; explicitFileType = wrapper.application; includeInIndex = 0; path = GetSh1tDone.app; sourceTree = BUILT_PRODUCTS_DIR; };
		11A134FA4261 /* EisenhowerMatrixView.swift */ = {isa = PBXFileReference; lastKnownFileType = sourcecode.swift; path = EisenhowerMatrixView.swift; sourceTree = "<group>"; };
		4AEB726BF86C /* GetSh1tDone.entitlements */ = {isa = PBXFileReference; lastKnownFileType = text.plist.entitlements; path = GetSh1tDone.entitlements; sourceTree = "<group>"; };
		60DE69A72F1C3E2100055268 /* SettingsView.swift */ = {isa = PBXFileReference; lastKnownFileType = sourcecode.swift; path = SettingsView.swift; sourceTree = "<group>"; };
		7984FFD71742 /* TaskQuadrant.swift */ = {isa = PBXFileReference; lastKnownFileType = sourcecode.swift; path = TaskQuadrant.swift; sourceTree = "<group>"; };
		988AF144261B /* TaskChallengeView.swift */ = {isa = PBXFileReference; lastKnownFileType = sourcecode.swift; path = TaskChallengeView.swift; sourceTree = "<group>"; };
		A944E9BDA6D7 /* ContentView.swift */ = {isa = PBXFileReference; lastKnownFileType = sourcecode.swift; path = ContentView.swift; sourceTree = "<group>"; };
		C4BCB0787903 /* Info.plist */ = {isa = PBXFileReference; lastKnownFileType = text.plist.xml; path = Info.plist; sourceTree = "<group>"; };
		CD899DA81549 /* PrioritiesView.swift */ = {isa = PBXFileReference; lastKnownFileType = sourcecode.swift; path = PrioritiesView.swift; sourceTree = "<group>"; };
		E4735879CE44 /* Assets.xcassets */ = {isa = PBXFileReference; lastKnownFileType = folder.assetcatalog; path = Assets.xcassets; sourceTree = "<group>"; };
		E497FBF55B68 /* GetSh1tDoneApp.swift */ = {isa = PBXFileReference; lastKnownFileType = sourcecode.swift; path = GetSh1tDoneApp.swift; sourceTree = "<group>"; };
		EA638E163650 /* PlanningView.swift */ = {isa = PBXFileReference; lastKnownFileType = sourcecode.swift; path = PlanningView.swift; sourceTree = "<group>"; };
/* End PBXFileReference section */

/* Begin PBXFrameworksBuildPhase section */
		6AC91BF2EC18 /* Frameworks */ = {
			isa = PBXFrameworksBuildPhase;
			buildActionMask = 2147483647;
			files = (
			);
			runOnlyForDeploymentPostprocessing = 0;
		};
/* End PBXFrameworksBuildPhase section */

/* Begin PBXGroup section */
		35D3B4251D73 = {
			isa = PBXGroup;
			children = (
				991694DAD2E8 /* GetSh1tDone */,
				5C3104A42EA7 /* Products */,
			);
			sourceTree = "<group>";
		};
		5C3104A42EA7 /* Products */ = {
			isa = PBXGroup;
			children = (
				113ED6A8417E /* GetSh1tDone.app */,
			);
			name = Products;
			sourceTree = "<group>";
		};
		991694DAD2E8 /* GetSh1tDone */ = {
			isa = PBXGroup;
			children = (
				E497FBF55B68 /* GetSh1tDoneApp.swift */,
				A944E9BDA6D7 /* ContentView.swift */,
				0F76AC6A41EB /* RemindersManager.swift */,
				11A134FA4261 /* EisenhowerMatrixView.swift */,
				60DE69A72F1C3E2100055268 /* SettingsView.swift */,
				7984FFD71742 /* TaskQuadrant.swift */,
				EA638E163650 /* PlanningView.swift */,
				988AF144261B /* TaskChallengeView.swift */,
				CD899DA81549 /* PrioritiesView.swift */,
				E4735879CE44 /* Assets.xcassets */,
				C4BCB0787903 /* Info.plist */,
				4AEB726BF86C /* GetSh1tDone.entitlements */,
			);
			path = GetSh1tDone;
			sourceTree = "<group>";
		};
/* End PBXGroup section */

/* Begin PBXNativeTarget section */
		383A01C601D5 /* GetSh1tDone */ = {
			isa = PBXNativeTarget;
			buildConfigurationList = 5840F7A4EBC9 /* Build configuration list for PBXNativeTarget "GetSh1tDone" */;
			buildPhases = (
				C048B1FEEC0A /* Sources */,
				6AC91BF2EC18 /* Frameworks */,
				58634251F5F1 /* Resources */,
			);
			buildRules = (
			);
			dependencies = (
			);
			name = GetSh1tDone;
			productName = GetSh1tDone;
			productReference = 113ED6A8417E /* GetSh1tDone.app */;
			productType = "com.apple.product-type.application";
		};
/* End PBXNativeTarget section */

/* Begin PBXProject section */
		D84B8BC04EF8 /* Project object */ = {
			isa = PBXProject;
			attributes = {
				BuildIndependentTargetsInParallel = 1;
				LastSwiftUpdateCheck = 1500;
				LastUpgradeCheck = 1500;
			};
			buildConfigurationList = 8B33EDD25355 /* Build configuration list for PBXProject "GetSh1tDone" */;
			compatibilityVersion = "Xcode 14.0";
			developmentRegion = en;
			hasScannedForEncodings = 0;
			knownRegions = (
				en,
				Base,
			);
			mainGroup = 35D3B4251D73;
			productRefGroup = 5C3104A42EA7 /* Products */;
			projectDirPath = "";
			projectRoot = "";
			targets = (
				383A01C601D5 /* GetSh1tDone */,
			);
		};
/* End PBXProject section */

/* Begin PBXResourcesBuildPhase section */
		58634251F5F1 /* Resources */ = {
			isa = PBXResourcesBuildPhase;
			buildActionMask = 2147483647;
			files = (
				46998B88C258 /* Assets.xcassets in Resources */,
			);
			runOnlyForDeploymentPostprocessing = 0;
		};
/* End PBXResourcesBuildPhase section */

/* Begin PBXSourcesBuildPhase section */
		C048B1FEEC0A /* Sources */ = {
			isa = PBXSourcesBuildPhase;
			buildActionMask = 2147483647;
			files = (
				57E12144723E /* GetSh1tDoneApp.swift in Sources */,
				0512C208C122 /* ContentView.swift in Sources */,
				1FC943C93385 /* RemindersManager.swift in Sources */,
				60DE69A82F1C3E2100055268 /* SettingsView.swift in Sources */,
				3895B8FEB555 /* EisenhowerMatrixView.swift in Sources */,
				1B173EE0794E /* TaskQuadrant.swift in Sources */,
				75B449C1E4FA /* PlanningView.swift in Sources */,
				AE8DBB489392 /* TaskChallengeView.swift in Sources */,
				B1B96B9F332D /* PrioritiesView.swift in Sources */,
			);
			runOnlyForDeploymentPostprocessing = 0;
		};
/* End PBXSourcesBuildPhase section */

/* Begin XCBuildConfiguration section */
		3FCE567D5B22 /* Release */ = {
			isa = XCBuildConfiguration;
			buildSettings = {
				ASSETCATALOG_COMPILER_APPICON_NAME = AppIcon;
				ASSETCATALOG_COMPILER_GENERATE_SWIFT_ASSET_SYMBOL_EXTENSIONS = YES;
				CODE_SIGN_ENTITLEMENTS = GetSh1tDone/GetSh1tDone.entitlements;
				CODE_SIGN_STYLE = Automatic;
				DEVELOPMENT_ASSET_PATHS = "";
				DEVELOPMENT_TEAM = JHH35S7623;
				ENABLE_PREVIEWS = YES;
				GENERATE_INFOPLIST_FILE = YES;
				INFOPLIST_FILE = GetSh1tDone/Info.plist;
				INFOPLIST_KEY_NSRemindersUsageDescription = "GetSh1tDone needs access to your reminders to help you organize tasks in the Eisenhower matrix.";
				INFOPLIST_KEY_UIApplicationSceneManifest_Generation = YES;
				INFOPLIST_KEY_UIApplicationSupportsIndirectInputEvents = YES;
				INFOPLIST_KEY_UILaunchScreen_Generation = YES;
				INFOPLIST_KEY_UISupportedInterfaceOrientations = UIInterfaceOrientationPortrait;
				INFOPLIST_KEY_UISupportedInterfaceOrientations_iPad = "UIInterfaceOrientationPortrait UIInterfaceOrientationPortraitUpsideDown UIInterfaceOrientationLandscapeLeft UIInterfaceOrientationLandscapeRight";
				INFOPLIST_KEY_UISupportedInterfaceOrientations_iPhone = "UIInterfaceOrientationPortrait UIInterfaceOrientationLandscapeLeft UIInterfaceOrientationLandscapeRight";
				LD_RUNPATH_SEARCH_PATHS = (
					"$(inherited)",
					"@executable_path/Frameworks",
				);
				MARKETING_VERSION = 1.0;
				PRODUCT_BUNDLE_IDENTIFIER = com.getsh1tdone.app;
				PRODUCT_NAME = "$(TARGET_NAME)";
				SWIFT_EMIT_LOC_STRINGS = YES;
				SWIFT_VERSION = 5.0;
				TARGETED_DEVICE_FAMILY = "1,2";
			};
			name = Release;
		};
		6737349939EC /* Debug */ = {
			isa = XCBuildConfiguration;
			buildSettings = {
				ASSETCATALOG_COMPILER_APPICON_NAME = AppIcon;
				ASSETCATALOG_COMPILER_GENERATE_SWIFT_ASSET_SYMBOL_EXTENSIONS = YES;
				CODE_SIGN_ENTITLEMENTS = GetSh1tDone/GetSh1tDone.entitlements;
				CODE_SIGN_STYLE = Automatic;
				DEVELOPMENT_ASSET_PATHS = "";
				DEVELOPMENT_TEAM = JHH35S7623;
				ENABLE_PREVIEWS = YES;
				GENERATE_INFOPLIST_FILE = YES;
				INFOPLIST_FILE = GetSh1tDone/Info.plist;
				INFOPLIST_KEY_NSRemindersUsageDescription = "GetSh1tDone needs access to your reminders to help you organize tasks in the Eisenhower matrix.";
				INFOPLIST_KEY_UIApplicationSceneManifest_Generation = YES;
				INFOPLIST_KEY_UIApplicationSupportsIndirectInputEvents = YES;
				INFOPLIST_KEY_UILaunchScreen_Generation = YES;
				INFOPLIST_KEY_UISupportedInterfaceOrientations = UIInterfaceOrientationPortrait;
				INFOPLIST_KEY_UISupportedInterfaceOrientations_iPad = "UIInterfaceOrientationPortrait UIInterfaceOrientationPortraitUpsideDown UIInterfaceOrientationLandscapeLeft UIInterfaceOrientationLandscapeRight";
				INFOPLIST_KEY_UISupportedInterfaceOrientations_iPhone = "UIInterfaceOrientationPortrait UIInterfaceOrientationLandscapeLeft UIInterfaceOrientationLandscapeRight";
				LD_RUNPATH_SEARCH_PATHS = (
					"$(inherited)",
					"@executable_path/Frameworks",
				);
				MARKETING_VERSION = 1.0;
				PRODUCT_BUNDLE_IDENTIFIER = com.getsh1tdone.app;
				PRODUCT_NAME = "$(TARGET_NAME)";
				SWIFT_EMIT_LOC_STRINGS = YES;
				SWIFT_VERSION = 5.0;
				TARGETED_DEVICE_FAMILY = "1,2";
			};
			name = Debug;
		};
		736496B3FBEE /* Release */ = {
			isa = XCBuildConfiguration;
			buildSettings = {
				ALWAYS_SEARCH_USER_PATHS = NO;
				ASSETCATALOG_COMPILER_APPICON_NAME = AppIcon;
				ASSETCATALOG_COMPILER_GENERATE_SWIFT_ASSET_SYMBOL_EXTENSIONS = YES;
				CLANG_ANALYZER_NONNULL = YES;
				CLANG_ANALYZER_NUMBER_OBJECT_CONVERSION = YES_AGGRESSIVE;
				CLANG_CXX_LANGUAGE_STANDARD = "gnu++20";
				CLANG_ENABLE_MODULES = YES;
				CLANG_ENABLE_OBJC_ARC = YES;
				CLANG_ENABLE_OBJC_WEAK = YES;
				CLANG_WARN_BLOCK_CAPTURE_AUTORELEASING = YES;
				CLANG_WARN_BOOL_CONVERSION = YES;
				CLANG_WARN_COMMA = YES;
				CLANG_WARN_CONSTANT_CONVERSION = YES;
				CLANG_WARN_DEPRECATED_OBJC_IMPLEMENTATIONS = YES;
				CLANG_WARN_DIRECT_OBJC_ISA_USAGE = YES_ERROR;
				CLANG_WARN_DOCUMENTATION_COMMENTS = YES;
				CLANG_WARN_EMPTY_BODY = YES;
				CLANG_WARN_ENUM_CONVERSION = YES;
				CLANG_WARN_INFINITE_RECURSION = YES;
				CLANG_WARN_INT_CONVERSION = YES;
				CLANG_WARN_NON_LITERAL_NULL_CONVERSION = YES;
				CLANG_WARN_OBJC_IMPLICIT_RETAIN_SELF = YES;
				CLANG_WARN_OBJC_LITERAL_CONVERSION = YES;
				CLANG_WARN_OBJC_ROOT_CLASS = YES_ERROR;
				CLANG_WARN_QUOTED_INCLUDE_IN_FRAMEWORK_HEADER = YES;
				CLANG_WARN_RANGE_LOOP_ANALYSIS = YES;
				CLANG_WARN_STRICT_PROTOTYPES = YES;
				CLANG_WARN_SUSPICIOUS_MOVE = YES;
				CLANG_WARN_UNGUARDED_AVAILABILITY = YES_AGGRESSIVE;
				CLANG_WARN_UNREACHABLE_CODE = YES;
				CLANG_WARN__DUPLICATE_METHOD_MATCH = YES;
				COPY_PHASE_STRIP = NO;
				DEBUG_INFORMATION_FORMAT = "dwarf-with-dsym";
				ENABLE_NS_ASSERTIONS = NO;
				ENABLE_STRICT_OBJC_MSGSEND = YES;
				ENABLE_USER_SCRIPT_SANDBOXING = YES;
				GCC_C_LANGUAGE_STANDARD = gnu17;
				GCC_NO_COMMON_BLOCKS = YES;
				GCC_WARN_64_TO_32_BIT_CONVERSION = YES;
				GCC_WARN_ABOUT_RETURN_TYPE = YES_ERROR;
				GCC_WARN_UNDECLARED_SELECTOR = YES;
				GCC_WARN_UNINITIALIZED_AUTOS = YES_AGGRESSIVE;
				GCC_WARN_UNUSED_FUNCTION = YES;
				GCC_WARN_UNUSED_VARIABLE = YES;
				IPHONEOS_DEPLOYMENT_TARGET = 17.0;
				LOCALIZATION_PREFERS_STRING_CATALOGS = YES;
				MACOSX_DEPLOYMENT_TARGET = 14.0;
				MTL_ENABLE_DEBUG_INFO = NO;
				MTL_FAST_MATH = YES;
				SDKROOT = iphoneos;
				SUPPORTED_PLATFORMS = "iphoneos iphonesimulator";
				SWIFT_COMPILATION_MODE = wholemodule;
				TARGETED_DEVICE_FAMILY = "1,2";
			};
			name = Release;
		};
		C87EC24EB77E /* Debug */ = {
			isa = XCBuildConfiguration;
			buildSettings = {
				ALWAYS_SEARCH_USER_PATHS = NO;
				ASSETCATALOG_COMPILER_APPICON_NAME = AppIcon;
				ASSETCATALOG_COMPILER_GENERATE_SWIFT_ASSET_SYMBOL_EXTENSIONS = YES;
				CLANG_ANALYZER_NONNULL = YES;
				CLANG_ANALYZER_NUMBER_OBJECT_CONVERSION = YES_AGGRESSIVE;
				CLANG_CXX_LANGUAGE_STANDARD = "gnu++20";
				CLANG_ENABLE_MODULES = YES;
				CLANG_ENABLE_OBJC_ARC = YES;
				CLANG_ENABLE_OBJC_WEAK = YES;
				CLANG_WARN_BLOCK_CAPTURE_AUTORELEASING = YES;
				CLANG_WARN_BOOL_CONVERSION = YES;
				CLANG_WARN_COMMA = YES;
				CLANG_WARN_CONSTANT_CONVERSION = YES;
				CLANG_WARN_DEPRECATED_OBJC_IMPLEMENTATIONS = YES;
				CLANG_WARN_DIRECT_OBJC_ISA_USAGE = YES_ERROR;
				CLANG_WARN_DOCUMENTATION_COMMENTS = YES;
				CLANG_WARN_EMPTY_BODY = YES;
				CLANG_WARN_ENUM_CONVERSION = YES;
				CLANG_WARN_INFINITE_RECURSION = YES;
				CLANG_WARN_INT_CONVERSION = YES;
				CLANG_WARN_NON_LITERAL_NULL_CONVERSION = YES;
				CLANG_WARN_OBJC_IMPLICIT_RETAIN_SELF = YES;
				CLANG_WARN_OBJC_LITERAL_CONVERSION = YES;
				CLANG_WARN_OBJC_ROOT_CLASS = YES_ERROR;
				CLANG_WARN_QUOTED_INCLUDE_IN_FRAMEWORK_HEADER = YES;
				CLANG_WARN_RANGE_LOOP_ANALYSIS = YES;
				CLANG_WARN_STRICT_PROTOTYPES = YES;
				CLANG_WARN_SUSPICIOUS_MOVE = YES;
				CLANG_WARN_UNGUARDED_AVAILABILITY = YES_AGGRESSIVE;
				CLANG_WARN_UNREACHABLE_CODE = YES;
				CLANG_WARN__DUPLICATE_METHOD_MATCH = YES;
				COPY_PHASE_STRIP = NO;
				DEBUG_INFORMATION_FORMAT = dwarf;
				ENABLE_STRICT_OBJC_MSGSEND = YES;
				ENABLE_TESTABILITY = YES;
				ENABLE_USER_SCRIPT_SANDBOXING = YES;
				GCC_C_LANGUAGE_STANDARD = gnu17;
				GCC_DYNAMIC_NO_PIC = NO;
				GCC_NO_COMMON_BLOCKS = YES;
				GCC_OPTIMIZATION_LEVEL = 0;
				GCC_PREPROCESSOR_DEFINITIONS = (
					"DEBUG=1",
					"$(inherited)",
				);
				GCC_WARN_64_TO_32_BIT_CONVERSION = YES;
				GCC_WARN_ABOUT_RETURN_TYPE = YES_ERROR;
				GCC_WARN_UNDECLARED_SELECTOR = YES;
				GCC_WARN_UNINITIALIZED_AUTOS = YES_AGGRESSIVE;
				GCC_WARN_UNUSED_FUNCTION = YES;
				GCC_WARN_UNUSED_VARIABLE = YES;
				IPHONEOS_DEPLOYMENT_TARGET = 17.0;
				LOCALIZATION_PREFERS_STRING_CATALOGS = YES;
				MACOSX_DEPLOYMENT_TARGET = 14.0;
				MTL_ENABLE_DEBUG_INFO = INCLUDE_SOURCE;
				MTL_FAST_MATH = YES;
				ONLY_ACTIVE_ARCH = YES;
				SDKROOT = iphoneos;
				SUPPORTED_PLATFORMS = "iphoneos iphonesimulator";
				SWIFT_ACTIVE_COMPILATION_CONDITIONS = "DEBUG $(inherited)";
				SWIFT_OPTIMIZATION_LEVEL = "-Onone";
				TARGETED_DEVICE_FAMILY = "1,2";
			};
			name = Debug;
		};
/* End XCBuildConfiguration section */

/* Begin XCConfigurationList section */
		5840F7A4EBC9 /* Build configuration list for PBXNativeTarget "GetSh1tDone" */ = {
			isa = XCConfigurationList;
			buildConfigurations = (
				6737349939EC /* Debug */,
				3FCE567D5B22 /* Release */,
			);
			defaultConfigurationIsVisible = 0;
			defaultConfigurationName = Release;
		};
		8B33EDD25355 /* Build configuration list for PBXProject "GetSh1tDone" */ = {
			isa = XCConfigurationList;
			buildConfigurations = (
				C87EC24EB77E /* Debug */,
				736496B3FBEE /* Release */,
			);
			defaultConfigurationIsVisible = 0;
			defaultConfigurationName = Release;
		};
/* End XCConfigurationList section */
	};
	rootObject = D84B8BC04EF8 /* Project object */;
}
